
Microsoft Visual Studio Solution File, Format Version 12.00
# Visual Studio Version 17
VisualStudioVersion = 17.3.32929.385
MinimumVisualStudioVersion = 10.0.40219.1
Project("{2150E333-8FDC-42A3-9474-1A3956D46DE8}") = "Çözüm Öğeleri", "Çözüm Öğeleri", "{845096E8-C260-49AB-B543-7F4678EBA2F1}"
	ProjectSection(SolutionItems) = preProject
		.editorconfig = .editorconfig
		global.json = global.json
	EndProjectSection
EndProject
Project("{2150E333-8FDC-42A3-9474-1A3956D46DE8}") = "Library", "Library", "{2B541DFF-09B9-4480-8C48-8A384B6ACA0B}"
EndProject
Project("{2150E333-8FDC-42A3-9474-1A3956D46DE8}") = "Console", "Console", "{5E66F4CC-2C40-41FD-9188-EFB511A535A6}"
EndProject
Project("{2150E333-8FDC-42A3-9474-1A3956D46DE8}") = "Desktop", "Desktop", "{20F4834A-3DAE-4EC7-B77F-DFC1C357428A}"
EndProject
Project("{9A19103F-16F7-4668-BE54-9A1E7A4F7556}") = "Crossui.Library", "Library\Crossui.Library\Crossui.Library.csproj", "{363D3CE7-3003-4F40-B9F6-D74DE510532E}"
EndProject
Project("{2150E333-8FDC-42A3-9474-1A3956D46DE8}") = "Hybrid", "Hybrid", "{EA837D4A-2B5F-4F20-8D2D-807EBBD91378}"
EndProject
Project("{9A19103F-16F7-4668-BE54-9A1E7A4F7556}") = "Crossui.WF", "Desktop\Crossui.WF\Crossui.WF.csproj", "{11D16C77-F065-4C39-8D14-B92D7C7DDB44}"
EndProject
Project("{9A19103F-16F7-4668-BE54-9A1E7A4F7556}") = "Crossui.WPF", "Desktop\Crossui.WPF\Crossui.WPF.csproj", "{05A5FB3D-2838-461D-B89D-1ADA80F97804}"
EndProject
Project("{FAE04EC0-301F-11D3-BF4B-00C04F79EFBC}") = "Crossui.UWP", "Console\Crossui.UWP\Crossui.UWP.csproj", "{BDF3838D-F238-496B-8073-21DA8866C4A1}"
EndProject
Project("{2150E333-8FDC-42A3-9474-1A3956D46DE8}") = "Phone", "Phone", "{40A675A1-A2A2-438B-A45F-A8E211B7FDE0}"
EndProject
Project("{FAE04EC0-301F-11D3-BF4B-00C04F79EFBC}") = "Crossui.MAUI", "Hybrid\Crossui.MAUI\Crossui.MAUI.csproj", "{506316F2-015C-4968-ACD9-3FF31601B18E}"
EndProject
Global
	GlobalSection(SolutionConfigurationPlatforms) = preSolution
		Debug|Any CPU = Debug|Any CPU
		Debug|ARM = Debug|ARM
		Debug|ARM64 = Debug|ARM64
		Debug|x64 = Debug|x64
		Debug|x86 = Debug|x86
		Release|Any CPU = Release|Any CPU
		Release|ARM = Release|ARM
		Release|ARM64 = Release|ARM64
		Release|x64 = Release|x64
		Release|x86 = Release|x86
	EndGlobalSection
	GlobalSection(ProjectConfigurationPlatforms) = postSolution
		{363D3CE7-3003-4F40-B9F6-D74DE510532E}.Debug|Any CPU.ActiveCfg = Debug|Any CPU
		{363D3CE7-3003-4F40-B9F6-D74DE510532E}.Debug|Any CPU.Build.0 = Debug|Any CPU
		{363D3CE7-3003-4F40-B9F6-D74DE510532E}.Debug|ARM.ActiveCfg = Debug|Any CPU
		{363D3CE7-3003-4F40-B9F6-D74DE510532E}.Debug|ARM.Build.0 = Debug|Any CPU
		{363D3CE7-3003-4F40-B9F6-D74DE510532E}.Debug|ARM64.ActiveCfg = Debug|Any CPU
		{363D3CE7-3003-4F40-B9F6-D74DE510532E}.Debug|ARM64.Build.0 = Debug|Any CPU
		{363D3CE7-3003-4F40-B9F6-D74DE510532E}.Debug|x64.ActiveCfg = Debug|Any CPU
		{363D3CE7-3003-4F40-B9F6-D74DE510532E}.Debug|x64.Build.0 = Debug|Any CPU
		{363D3CE7-3003-4F40-B9F6-D74DE510532E}.Debug|x86.ActiveCfg = Debug|Any CPU
		{363D3CE7-3003-4F40-B9F6-D74DE510532E}.Debug|x86.Build.0 = Debug|Any CPU
		{363D3CE7-3003-4F40-B9F6-D74DE510532E}.Release|Any CPU.ActiveCfg = Release|Any CPU
		{363D3CE7-3003-4F40-B9F6-D74DE510532E}.Release|Any CPU.Build.0 = Release|Any CPU
		{363D3CE7-3003-4F40-B9F6-D74DE510532E}.Release|ARM.ActiveCfg = Release|Any CPU
		{363D3CE7-3003-4F40-B9F6-D74DE510532E}.Release|ARM.Build.0 = Release|Any CPU
		{363D3CE7-3003-4F40-B9F6-D74DE510532E}.Release|ARM64.ActiveCfg = Release|Any CPU
		{363D3CE7-3003-4F40-B9F6-D74DE510532E}.Release|ARM64.Build.0 = Release|Any CPU
		{363D3CE7-3003-4F40-B9F6-D74DE510532E}.Release|x64.ActiveCfg = Release|Any CPU
		{363D3CE7-3003-4F40-B9F6-D74DE510532E}.Release|x64.Build.0 = Release|Any CPU
		{363D3CE7-3003-4F40-B9F6-D74DE510532E}.Release|x86.ActiveCfg = Release|Any CPU
		{363D3CE7-3003-4F40-B9F6-D74DE510532E}.Release|x86.Build.0 = Release|Any CPU
		{11D16C77-F065-4C39-8D14-B92D7C7DDB44}.Debug|Any CPU.ActiveCfg = Debug|Any CPU
		{11D16C77-F065-4C39-8D14-B92D7C7DDB44}.Debug|Any CPU.Build.0 = Debug|Any CPU
		{11D16C77-F065-4C39-8D14-B92D7C7DDB44}.Debug|ARM.ActiveCfg = Debug|Any CPU
		{11D16C77-F065-4C39-8D14-B92D7C7DDB44}.Debug|ARM.Build.0 = Debug|Any CPU
		{11D16C77-F065-4C39-8D14-B92D7C7DDB44}.Debug|ARM64.ActiveCfg = Debug|Any CPU
		{11D16C77-F065-4C39-8D14-B92D7C7DDB44}.Debug|ARM64.Build.0 = Debug|Any CPU
		{11D16C77-F065-4C39-8D14-B92D7C7DDB44}.Debug|x64.ActiveCfg = Debug|Any CPU
		{11D16C77-F065-4C39-8D14-B92D7C7DDB44}.Debug|x64.Build.0 = Debug|Any CPU
		{11D16C77-F065-4C39-8D14-B92D7C7DDB44}.Debug|x86.ActiveCfg = Debug|Any CPU
		{11D16C77-F065-4C39-8D14-B92D7C7DDB44}.Debug|x86.Build.0 = Debug|Any CPU
		{11D16C77-F065-4C39-8D14-B92D7C7DDB44}.Release|Any CPU.ActiveCfg = Release|Any CPU
		{11D16C77-F065-4C39-8D14-B92D7C7DDB44}.Release|Any CPU.Build.0 = Release|Any CPU
		{11D16C77-F065-4C39-8D14-B92D7C7DDB44}.Release|ARM.ActiveCfg = Release|Any CPU
		{11D16C77-F065-4C39-8D14-B92D7C7DDB44}.Release|ARM.Build.0 = Release|Any CPU
		{11D16C77-F065-4C39-8D14-B92D7C7DDB44}.Release|ARM64.ActiveCfg = Release|Any CPU
		{11D16C77-F065-4C39-8D14-B92D7C7DDB44}.Release|ARM64.Build.0 = Release|Any CPU
		{11D16C77-F065-4C39-8D14-B92D7C7DDB44}.Release|x64.ActiveCfg = Release|Any CPU
		{11D16C77-F065-4C39-8D14-B92D7C7DDB44}.Release|x64.Build.0 = Release|Any CPU
		{11D16C77-F065-4C39-8D14-B92D7C7DDB44}.Release|x86.ActiveCfg = Release|Any CPU
		{11D16C77-F065-4C39-8D14-B92D7C7DDB44}.Release|x86.Build.0 = Release|Any CPU
		{05A5FB3D-2838-461D-B89D-1ADA80F97804}.Debug|Any CPU.ActiveCfg = Debug|Any CPU
		{05A5FB3D-2838-461D-B89D-1ADA80F97804}.Debug|Any CPU.Build.0 = Debug|Any CPU
		{05A5FB3D-2838-461D-B89D-1ADA80F97804}.Debug|ARM.ActiveCfg = Debug|Any CPU
		{05A5FB3D-2838-461D-B89D-1ADA80F97804}.Debug|ARM.Build.0 = Debug|Any CPU
		{05A5FB3D-2838-461D-B89D-1ADA80F97804}.Debug|ARM64.ActiveCfg = Debug|Any CPU
		{05A5FB3D-2838-461D-B89D-1ADA80F97804}.Debug|ARM64.Build.0 = Debug|Any CPU
		{05A5FB3D-2838-461D-B89D-1ADA80F97804}.Debug|x64.ActiveCfg = Debug|Any CPU
		{05A5FB3D-2838-461D-B89D-1ADA80F97804}.Debug|x64.Build.0 = Debug|Any CPU
		{05A5FB3D-2838-461D-B89D-1ADA80F97804}.Debug|x86.ActiveCfg = Debug|Any CPU
		{05A5FB3D-2838-461D-B89D-1ADA80F97804}.Debug|x86.Build.0 = Debug|Any CPU
		{05A5FB3D-2838-461D-B89D-1ADA80F97804}.Release|Any CPU.ActiveCfg = Release|Any CPU
		{05A5FB3D-2838-461D-B89D-1ADA80F97804}.Release|Any CPU.Build.0 = Release|Any CPU
		{05A5FB3D-2838-461D-B89D-1ADA80F97804}.Release|ARM.ActiveCfg = Release|Any CPU
		{05A5FB3D-2838-461D-B89D-1ADA80F97804}.Release|ARM.Build.0 = Release|Any CPU
		{05A5FB3D-2838-461D-B89D-1ADA80F97804}.Release|ARM64.ActiveCfg = Release|Any CPU
		{05A5FB3D-2838-461D-B89D-1ADA80F97804}.Release|ARM64.Build.0 = Release|Any CPU
		{05A5FB3D-2838-461D-B89D-1ADA80F97804}.Release|x64.ActiveCfg = Release|Any CPU
		{05A5FB3D-2838-461D-B89D-1ADA80F97804}.Release|x64.Build.0 = Release|Any CPU
		{05A5FB3D-2838-461D-B89D-1ADA80F97804}.Release|x86.ActiveCfg = Release|Any CPU
		{05A5FB3D-2838-461D-B89D-1ADA80F97804}.Release|x86.Build.0 = Release|Any CPU
		{BDF3838D-F238-496B-8073-21DA8866C4A1}.Debug|Any CPU.ActiveCfg = Debug|x64
		{BDF3838D-F238-496B-8073-21DA8866C4A1}.Debug|Any CPU.Build.0 = Debug|x64
		{BDF3838D-F238-496B-8073-21DA8866C4A1}.Debug|Any CPU.Deploy.0 = Debug|x64
		{BDF3838D-F238-496B-8073-21DA8866C4A1}.Debug|ARM.ActiveCfg = Debug|ARM
		{BDF3838D-F238-496B-8073-21DA8866C4A1}.Debug|ARM.Build.0 = Debug|ARM
		{BDF3838D-F238-496B-8073-21DA8866C4A1}.Debug|ARM.Deploy.0 = Debug|ARM
		{BDF3838D-F238-496B-8073-21DA8866C4A1}.Debug|ARM64.ActiveCfg = Debug|ARM64
		{BDF3838D-F238-496B-8073-21DA8866C4A1}.Debug|ARM64.Build.0 = Debug|ARM64
		{BDF3838D-F238-496B-8073-21DA8866C4A1}.Debug|ARM64.Deploy.0 = Debug|ARM64
		{BDF3838D-F238-496B-8073-21DA8866C4A1}.Debug|x64.ActiveCfg = Debug|x64
		{BDF3838D-F238-496B-8073-21DA8866C4A1}.Debug|x64.Build.0 = Debug|x64
		{BDF3838D-F238-496B-8073-21DA8866C4A1}.Debug|x64.Deploy.0 = Debug|x64
		{BDF3838D-F238-496B-8073-21DA8866C4A1}.Debug|x86.ActiveCfg = Debug|x86
		{BDF3838D-F238-496B-8073-21DA8866C4A1}.Debug|x86.Build.0 = Debug|x86
		{BDF3838D-F238-496B-8073-21DA8866C4A1}.Debug|x86.Deploy.0 = Debug|x86
		{BDF3838D-F238-496B-8073-21DA8866C4A1}.Release|Any CPU.ActiveCfg = Release|x64
		{BDF3838D-F238-496B-8073-21DA8866C4A1}.Release|Any CPU.Build.0 = Release|x64
		{BDF3838D-F238-496B-8073-21DA8866C4A1}.Release|Any CPU.Deploy.0 = Release|x64
		{BDF3838D-F238-496B-8073-21DA8866C4A1}.Release|ARM.ActiveCfg = Release|ARM
		{BDF3838D-F238-496B-8073-21DA8866C4A1}.Release|ARM.Build.0 = Release|ARM
		{BDF3838D-F238-496B-8073-21DA8866C4A1}.Release|ARM.Deploy.0 = Release|ARM
		{BDF3838D-F238-496B-8073-21DA8866C4A1}.Release|ARM64.ActiveCfg = Release|ARM64
		{BDF3838D-F238-496B-8073-21DA8866C4A1}.Release|ARM64.Build.0 = Release|ARM64
		{BDF3838D-F238-496B-8073-21DA8866C4A1}.Release|ARM64.Deploy.0 = Release|ARM64
		{BDF3838D-F238-496B-8073-21DA8866C4A1}.Release|x64.ActiveCfg = Release|x64
		{BDF3838D-F238-496B-8073-21DA8866C4A1}.Release|x64.Build.0 = Release|x64
		{BDF3838D-F238-496B-8073-21DA8866C4A1}.Release|x64.Deploy.0 = Release|x64
		{BDF3838D-F238-496B-8073-21DA8866C4A1}.Release|x86.ActiveCfg = Release|x86
		{BDF3838D-F238-496B-8073-21DA8866C4A1}.Release|x86.Build.0 = Release|x86
		{BDF3838D-F238-496B-8073-21DA8866C4A1}.Release|x86.Deploy.0 = Release|x86
		{506316F2-015C-4968-ACD9-3FF31601B18E}.Debug|Any CPU.ActiveCfg = Debug|Any CPU
		{506316F2-015C-4968-ACD9-3FF31601B18E}.Debug|Any CPU.Build.0 = Debug|Any CPU
		{506316F2-015C-4968-ACD9-3FF31601B18E}.Debug|Any CPU.Deploy.0 = Debug|Any CPU
		{506316F2-015C-4968-ACD9-3FF31601B18E}.Debug|ARM.ActiveCfg = Debug|Any CPU
		{506316F2-015C-4968-ACD9-3FF31601B18E}.Debug|ARM.Build.0 = Debug|Any CPU
		{506316F2-015C-4968-ACD9-3FF31601B18E}.Debug|ARM.Deploy.0 = Debug|Any CPU
		{506316F2-015C-4968-ACD9-3FF31601B18E}.Debug|ARM64.ActiveCfg = Debug|Any CPU
		{506316F2-015C-4968-ACD9-3FF31601B18E}.Debug|ARM64.Build.0 = Debug|Any CPU
		{506316F2-015C-4968-ACD9-3FF31601B18E}.Debug|ARM64.Deploy.0 = Debug|Any CPU
		{506316F2-015C-4968-ACD9-3FF31601B18E}.Debug|x64.ActiveCfg = Debug|Any CPU
		{506316F2-015C-4968-ACD9-3FF31601B18E}.Debug|x64.Build.0 = Debug|Any CPU
		{506316F2-015C-4968-ACD9-3FF31601B18E}.Debug|x64.Deploy.0 = Debug|Any CPU
		{506316F2-015C-4968-ACD9-3FF31601B18E}.Debug|x86.ActiveCfg = Debug|Any CPU
		{506316F2-015C-4968-ACD9-3FF31601B18E}.Debug|x86.Build.0 = Debug|Any CPU
		{506316F2-015C-4968-ACD9-3FF31601B18E}.Debug|x86.Deploy.0 = Debug|Any CPU
		{506316F2-015C-4968-ACD9-3FF31601B18E}.Release|Any CPU.ActiveCfg = Release|Any CPU
		{506316F2-015C-4968-ACD9-3FF31601B18E}.Release|Any CPU.Build.0 = Release|Any CPU
		{506316F2-015C-4968-ACD9-3FF31601B18E}.Release|Any CPU.Deploy.0 = Release|Any CPU
		{506316F2-015C-4968-ACD9-3FF31601B18E}.Release|ARM.ActiveCfg = Release|Any CPU
		{506316F2-015C-4968-ACD9-3FF31601B18E}.Release|ARM.Build.0 = Release|Any CPU
		{506316F2-015C-4968-ACD9-3FF31601B18E}.Release|ARM.Deploy.0 = Release|Any CPU
		{506316F2-015C-4968-ACD9-3FF31601B18E}.Release|ARM64.ActiveCfg = Release|Any CPU
		{506316F2-015C-4968-ACD9-3FF31601B18E}.Release|ARM64.Build.0 = Release|Any CPU
		{506316F2-015C-4968-ACD9-3FF31601B18E}.Release|ARM64.Deploy.0 = Release|Any CPU
		{506316F2-015C-4968-ACD9-3FF31601B18E}.Release|x64.ActiveCfg = Release|Any CPU
		{506316F2-015C-4968-ACD9-3FF31601B18E}.Release|x64.Build.0 = Release|Any CPU
		{506316F2-015C-4968-ACD9-3FF31601B18E}.Release|x64.Deploy.0 = Release|Any CPU
		{506316F2-015C-4968-ACD9-3FF31601B18E}.Release|x86.ActiveCfg = Release|Any CPU
		{506316F2-015C-4968-ACD9-3FF31601B18E}.Release|x86.Build.0 = Release|Any CPU
		{506316F2-015C-4968-ACD9-3FF31601B18E}.Release|x86.Deploy.0 = Release|Any CPU
	EndGlobalSection
	GlobalSection(SolutionProperties) = preSolution
		HideSolutionNode = FALSE
	EndGlobalSection
	GlobalSection(NestedProjects) = preSolution
		{363D3CE7-3003-4F40-B9F6-D74DE510532E} = {2B541DFF-09B9-4480-8C48-8A384B6ACA0B}
		{11D16C77-F065-4C39-8D14-B92D7C7DDB44} = {20F4834A-3DAE-4EC7-B77F-DFC1C357428A}
		{05A5FB3D-2838-461D-B89D-1ADA80F97804} = {20F4834A-3DAE-4EC7-B77F-DFC1C357428A}
		{BDF3838D-F238-496B-8073-21DA8866C4A1} = {5E66F4CC-2C40-41FD-9188-EFB511A535A6}
		{506316F2-015C-4968-ACD9-3FF31601B18E} = {EA837D4A-2B5F-4F20-8D2D-807EBBD91378}
	EndGlobalSection
	GlobalSection(ExtensibilityGlobals) = postSolution
		SolutionGuid = {2C3CBCA8-0801-4AA0-9FF2-245902002EE1}
	EndGlobalSection
EndGlobal
